
Microsoft Visual Studio Solution File, Format Version 12.00
# Visual Studio Version 17
VisualStudioVersion = 17.5.33516.290
MinimumVisualStudioVersion = 10.0.40219.1
Project("{8BC9CEB8-8B4A-11D0-8D11-00A0C91BC942}") = "20230419_3", "20230419_3\20230419_3.vcxproj", "{51644E7D-F502-4E94-98C2-17D055486A9A}"
EndProject
Global
	GlobalSection(SolutionConfigurationPlatforms) = preSolution
		Debug|x64 = Debug|x64
		Debug|x86 = Debug|x86
		Release|x64 = Release|x64
		Release|x86 = Release|x86
	EndGlobalSection
	GlobalSection(ProjectConfigurationPlatforms) = postSolution
		{51644E7D-F502-4E94-98C2-17D055486A9A}.Debug|x64.ActiveCfg = Debug|x64
		{51644E7D-F502-4E94-98C2-17D055486A9A}.Debug|x64.Build.0 = Debug|x64
		{51644E7D-F502-4E94-98C2-17D055486A9A}.Debug|x86.ActiveCfg = Debug|Win32
		{51644E7D-F502-4E94-98C2-17D055486A9A}.Debug|x86.Build.0 = Debug|Win32
		{51644E7D-F502-4E94-98C2-17D055486A9A}.Release|x64.ActiveCfg = Release|x64
		{51644E7D-F502-4E94-98C2-17D055486A9A}.Release|x64.Build.0 = Release|x64
		{51644E7D-F502-4E94-98C2-17D055486A9A}.Release|x86.ActiveCfg = Release|Win32
		{51644E7D-F502-4E94-98C2-17D055486A9A}.Release|x86.Build.0 = Release|Win32
	EndGlobalSection
	GlobalSection(SolutionProperties) = preSolution
		HideSolutionNode = FALSE
	EndGlobalSection
	GlobalSection(ExtensibilityGlobals) = postSolution
		SolutionGuid = {7ED49F2F-BB55-466F-9FE3-525C07E722F3}
	EndGlobalSection
EndGlobal
