
Microsoft Visual Studio Solution File, Format Version 12.00
# Visual Studio Version 17
VisualStudioVersion = 17.4.33213.308
MinimumVisualStudioVersion = 10.0.40219.1
Project("{8BC9CEB8-8B4A-11D0-8D11-00A0C91BC942}") = "20230424_5", "20230424_5\20230424_5.vcxproj", "{812D874C-C3EC-4D33-915E-2647E2DBEFAF}"
EndProject
Global
	GlobalSection(SolutionConfigurationPlatforms) = preSolution
		Debug|x64 = Debug|x64
		Debug|x86 = Debug|x86
		Release|x64 = Release|x64
		Release|x86 = Release|x86
	EndGlobalSection
	GlobalSection(ProjectConfigurationPlatforms) = postSolution
		{812D874C-C3EC-4D33-915E-2647E2DBEFAF}.Debug|x64.ActiveCfg = Debug|x64
		{812D874C-C3EC-4D33-915E-2647E2DBEFAF}.Debug|x64.Build.0 = Debug|x64
		{812D874C-C3EC-4D33-915E-2647E2DBEFAF}.Debug|x86.ActiveCfg = Debug|Win32
		{812D874C-C3EC-4D33-915E-2647E2DBEFAF}.Debug|x86.Build.0 = Debug|Win32
		{812D874C-C3EC-4D33-915E-2647E2DBEFAF}.Release|x64.ActiveCfg = Release|x64
		{812D874C-C3EC-4D33-915E-2647E2DBEFAF}.Release|x64.Build.0 = Release|x64
		{812D874C-C3EC-4D33-915E-2647E2DBEFAF}.Release|x86.ActiveCfg = Release|Win32
		{812D874C-C3EC-4D33-915E-2647E2DBEFAF}.Release|x86.Build.0 = Release|Win32
	EndGlobalSection
	GlobalSection(SolutionProperties) = preSolution
		HideSolutionNode = FALSE
	EndGlobalSection
	GlobalSection(ExtensibilityGlobals) = postSolution
		SolutionGuid = {0DE908D6-E0E9-4E2A-A9FC-5B7AF5344DA0}
	EndGlobalSection
EndGlobal
