
Microsoft Visual Studio Solution File, Format Version 12.00
# Visual Studio Version 17
VisualStudioVersion = 17.5.33424.131
MinimumVisualStudioVersion = 10.0.40219.1
Project("{8BC9CEB8-8B4A-11D0-8D11-00A0C91BC942}") = "20230308_3", "20230308_3\20230308_3.vcxproj", "{BD12B454-E68B-46F9-8DC4-509E209F49E0}"
EndProject
Global
	GlobalSection(SolutionConfigurationPlatforms) = preSolution
		Debug|x64 = Debug|x64
		Debug|x86 = Debug|x86
		Release|x64 = Release|x64
		Release|x86 = Release|x86
	EndGlobalSection
	GlobalSection(ProjectConfigurationPlatforms) = postSolution
		{BD12B454-E68B-46F9-8DC4-509E209F49E0}.Debug|x64.ActiveCfg = Debug|x64
		{BD12B454-E68B-46F9-8DC4-509E209F49E0}.Debug|x64.Build.0 = Debug|x64
		{BD12B454-E68B-46F9-8DC4-509E209F49E0}.Debug|x86.ActiveCfg = Debug|Win32
		{BD12B454-E68B-46F9-8DC4-509E209F49E0}.Debug|x86.Build.0 = Debug|Win32
		{BD12B454-E68B-46F9-8DC4-509E209F49E0}.Release|x64.ActiveCfg = Release|x64
		{BD12B454-E68B-46F9-8DC4-509E209F49E0}.Release|x64.Build.0 = Release|x64
		{BD12B454-E68B-46F9-8DC4-509E209F49E0}.Release|x86.ActiveCfg = Release|Win32
		{BD12B454-E68B-46F9-8DC4-509E209F49E0}.Release|x86.Build.0 = Release|Win32
	EndGlobalSection
	GlobalSection(SolutionProperties) = preSolution
		HideSolutionNode = FALSE
	EndGlobalSection
	GlobalSection(ExtensibilityGlobals) = postSolution
		SolutionGuid = {9C489B73-A079-4A44-944D-2F3E58F85578}
	EndGlobalSection
EndGlobal
